
Microsoft Visual Studio Solution File, Format Version 12.00
# Visual Studio Version 16
VisualStudioVersion = 16.0.31613.86
MinimumVisualStudioVersion = 10.0.40219.1
Project("{9A19103F-16F7-4668-BE54-9A1E7A4F7556}") = "MultiToolHauptmenue", "MultiToolHauptmenue\MultiToolHauptmenue.csproj", "{96431059-F0AA-4C20-84D6-E3DED07FF26C}"
EndProject
Project("{FAE04EC0-301F-11D3-BF4B-00C04F79EFBC}") = "MultiToolKlassenBibliothek", "MultiToolKlassenBibliothek\MultiToolKlassenBibliothek.csproj", "{6E949400-4E19-4F6B-89ED-D1AF974CC006}"
EndProject
Global
	GlobalSection(SolutionConfigurationPlatforms) = preSolution
		Debug|Any CPU = Debug|Any CPU
		Release|Any CPU = Release|Any CPU
	EndGlobalSection
	GlobalSection(ProjectConfigurationPlatforms) = postSolution
		{96431059-F0AA-4C20-84D6-E3DED07FF26C}.Debug|Any CPU.ActiveCfg = Debug|Any CPU
		{96431059-F0AA-4C20-84D6-E3DED07FF26C}.Debug|Any CPU.Build.0 = Debug|Any CPU
		{96431059-F0AA-4C20-84D6-E3DED07FF26C}.Release|Any CPU.ActiveCfg = Release|Any CPU
		{96431059-F0AA-4C20-84D6-E3DED07FF26C}.Release|Any CPU.Build.0 = Release|Any CPU
		{6E949400-4E19-4F6B-89ED-D1AF974CC006}.Debug|Any CPU.ActiveCfg = Debug|Any CPU
		{6E949400-4E19-4F6B-89ED-D1AF974CC006}.Debug|Any CPU.Build.0 = Debug|Any CPU
		{6E949400-4E19-4F6B-89ED-D1AF974CC006}.Release|Any CPU.ActiveCfg = Release|Any CPU
		{6E949400-4E19-4F6B-89ED-D1AF974CC006}.Release|Any CPU.Build.0 = Release|Any CPU
	EndGlobalSection
	GlobalSection(SolutionProperties) = preSolution
		HideSolutionNode = FALSE
	EndGlobalSection
	GlobalSection(ExtensibilityGlobals) = postSolution
		SolutionGuid = {0CC7282C-4273-4BB5-B070-893121592D78}
	EndGlobalSection
EndGlobal
