
Microsoft Visual Studio Solution File, Format Version 12.00
# Visual Studio Version 16
VisualStudioVersion = 16.0.31613.86
MinimumVisualStudioVersion = 10.0.40219.1
Project("{9A19103F-16F7-4668-BE54-9A1E7A4F7556}") = "MultiToolKlassenBibliothek", "MultiToolKlassenBibliothek\MultiToolKlassenBibliothek.csproj", "{6E949400-4E19-4F6B-89ED-D1AF974CC006}"
EndProject
Project("{9A19103F-16F7-4668-BE54-9A1E7A4F7556}") = "MultiTool", "MultiTool\MultiTool.csproj", "{0DB3A745-AE29-4EBD-BE0C-5290DAFC344D}"
EndProject
Project("{9A19103F-16F7-4668-BE54-9A1E7A4F7556}") = "KonsolenExtrasBibliothek", "KonsolenExtrasBibliothek\KonsolenExtrasBibliothek.csproj", "{F047F542-95DC-4651-8E23-A46E19DB8DFB}"
EndProject
Project("{9A19103F-16F7-4668-BE54-9A1E7A4F7556}") = "ETMultiToolKlassenBibliothek", "ETMultiToolKlassenBibliothek\ETMultiToolKlassenBibliothek.csproj", "{0D0C1CB9-DEA2-4034-8A40-F77FD798859F}"
EndProject
Project("{9A19103F-16F7-4668-BE54-9A1E7A4F7556}") = "ITMultiToolKlassenBibliothek", "ITMultiToolKlassenBibliothek\ITMultiToolKlassenBibliothek.csproj", "{36FB2166-C720-48A2-854F-25C2F6C2E613}"
EndProject
Project("{9A19103F-16F7-4668-BE54-9A1E7A4F7556}") = "MAMultiToolKlassenBibliothek", "MAMultiToolKlassenBibliothek\MAMultiToolKlassenBibliothek.csproj", "{DDDE3DAD-24EF-49A6-9B7F-720CBFFB07EE}"
EndProject
Project("{9A19103F-16F7-4668-BE54-9A1E7A4F7556}") = "PHMultiToolKlassenBibliothek", "PHMultiToolKlassenBibliothek\PHMultiToolKlassenBibliothek.csproj", "{397D783A-A236-48A5-9F8F-C5E435D2A5AA}"
EndProject
Project("{FAE04EC0-301F-11D3-BF4B-00C04F79EFBC}") = "WIMultiToolKlassenBibliothek", "WIMultiToolKlassenBibliothek\WIMultiToolKlassenBibliothek.csproj", "{11DABF13-1006-4A35-B9D7-2C69EAD1B65A}"
EndProject
Global
	GlobalSection(SolutionConfigurationPlatforms) = preSolution
		Debug|Any CPU = Debug|Any CPU
		Debug|ARM32 = Debug|ARM32
		Debug|x64 = Debug|x64
		Release|Any CPU = Release|Any CPU
		Release|ARM32 = Release|ARM32
		Release|x64 = Release|x64
	EndGlobalSection
	GlobalSection(ProjectConfigurationPlatforms) = postSolution
		{6E949400-4E19-4F6B-89ED-D1AF974CC006}.Debug|Any CPU.ActiveCfg = Debug|Any CPU
		{6E949400-4E19-4F6B-89ED-D1AF974CC006}.Debug|Any CPU.Build.0 = Debug|Any CPU
		{6E949400-4E19-4F6B-89ED-D1AF974CC006}.Debug|ARM32.ActiveCfg = Debug|ARM32
		{6E949400-4E19-4F6B-89ED-D1AF974CC006}.Debug|ARM32.Build.0 = Debug|ARM32
		{6E949400-4E19-4F6B-89ED-D1AF974CC006}.Debug|x64.ActiveCfg = Debug|x64
		{6E949400-4E19-4F6B-89ED-D1AF974CC006}.Debug|x64.Build.0 = Debug|x64
		{6E949400-4E19-4F6B-89ED-D1AF974CC006}.Release|Any CPU.ActiveCfg = Release|Any CPU
		{6E949400-4E19-4F6B-89ED-D1AF974CC006}.Release|Any CPU.Build.0 = Release|Any CPU
		{6E949400-4E19-4F6B-89ED-D1AF974CC006}.Release|ARM32.ActiveCfg = Release|ARM32
		{6E949400-4E19-4F6B-89ED-D1AF974CC006}.Release|ARM32.Build.0 = Release|ARM32
		{6E949400-4E19-4F6B-89ED-D1AF974CC006}.Release|x64.ActiveCfg = Release|x64
		{6E949400-4E19-4F6B-89ED-D1AF974CC006}.Release|x64.Build.0 = Release|x64
		{0DB3A745-AE29-4EBD-BE0C-5290DAFC344D}.Debug|Any CPU.ActiveCfg = Debug|Any CPU
		{0DB3A745-AE29-4EBD-BE0C-5290DAFC344D}.Debug|Any CPU.Build.0 = Debug|Any CPU
		{0DB3A745-AE29-4EBD-BE0C-5290DAFC344D}.Debug|ARM32.ActiveCfg = Debug|ARM32
		{0DB3A745-AE29-4EBD-BE0C-5290DAFC344D}.Debug|ARM32.Build.0 = Debug|ARM32
		{0DB3A745-AE29-4EBD-BE0C-5290DAFC344D}.Debug|x64.ActiveCfg = Debug|x64
		{0DB3A745-AE29-4EBD-BE0C-5290DAFC344D}.Debug|x64.Build.0 = Debug|x64
		{0DB3A745-AE29-4EBD-BE0C-5290DAFC344D}.Release|Any CPU.ActiveCfg = Release|Any CPU
		{0DB3A745-AE29-4EBD-BE0C-5290DAFC344D}.Release|Any CPU.Build.0 = Release|Any CPU
		{0DB3A745-AE29-4EBD-BE0C-5290DAFC344D}.Release|ARM32.ActiveCfg = Release|ARM32
		{0DB3A745-AE29-4EBD-BE0C-5290DAFC344D}.Release|ARM32.Build.0 = Release|ARM32
		{0DB3A745-AE29-4EBD-BE0C-5290DAFC344D}.Release|x64.ActiveCfg = Release|x64
		{0DB3A745-AE29-4EBD-BE0C-5290DAFC344D}.Release|x64.Build.0 = Release|x64
		{F047F542-95DC-4651-8E23-A46E19DB8DFB}.Debug|Any CPU.ActiveCfg = Debug|Any CPU
		{F047F542-95DC-4651-8E23-A46E19DB8DFB}.Debug|Any CPU.Build.0 = Debug|Any CPU
		{F047F542-95DC-4651-8E23-A46E19DB8DFB}.Debug|ARM32.ActiveCfg = Debug|ARM32
		{F047F542-95DC-4651-8E23-A46E19DB8DFB}.Debug|ARM32.Build.0 = Debug|ARM32
		{F047F542-95DC-4651-8E23-A46E19DB8DFB}.Debug|x64.ActiveCfg = Debug|x64
		{F047F542-95DC-4651-8E23-A46E19DB8DFB}.Debug|x64.Build.0 = Debug|x64
		{F047F542-95DC-4651-8E23-A46E19DB8DFB}.Release|Any CPU.ActiveCfg = Release|Any CPU
		{F047F542-95DC-4651-8E23-A46E19DB8DFB}.Release|Any CPU.Build.0 = Release|Any CPU
		{F047F542-95DC-4651-8E23-A46E19DB8DFB}.Release|ARM32.ActiveCfg = Release|ARM32
		{F047F542-95DC-4651-8E23-A46E19DB8DFB}.Release|ARM32.Build.0 = Release|ARM32
		{F047F542-95DC-4651-8E23-A46E19DB8DFB}.Release|x64.ActiveCfg = Release|x64
		{F047F542-95DC-4651-8E23-A46E19DB8DFB}.Release|x64.Build.0 = Release|x64
		{0D0C1CB9-DEA2-4034-8A40-F77FD798859F}.Debug|Any CPU.ActiveCfg = Debug|Any CPU
		{0D0C1CB9-DEA2-4034-8A40-F77FD798859F}.Debug|Any CPU.Build.0 = Debug|Any CPU
		{0D0C1CB9-DEA2-4034-8A40-F77FD798859F}.Debug|ARM32.ActiveCfg = Debug|ARM32
		{0D0C1CB9-DEA2-4034-8A40-F77FD798859F}.Debug|ARM32.Build.0 = Debug|ARM32
		{0D0C1CB9-DEA2-4034-8A40-F77FD798859F}.Debug|x64.ActiveCfg = Debug|x64
		{0D0C1CB9-DEA2-4034-8A40-F77FD798859F}.Debug|x64.Build.0 = Debug|x64
		{0D0C1CB9-DEA2-4034-8A40-F77FD798859F}.Release|Any CPU.ActiveCfg = Release|Any CPU
		{0D0C1CB9-DEA2-4034-8A40-F77FD798859F}.Release|Any CPU.Build.0 = Release|Any CPU
		{0D0C1CB9-DEA2-4034-8A40-F77FD798859F}.Release|ARM32.ActiveCfg = Release|ARM32
		{0D0C1CB9-DEA2-4034-8A40-F77FD798859F}.Release|ARM32.Build.0 = Release|ARM32
		{0D0C1CB9-DEA2-4034-8A40-F77FD798859F}.Release|x64.ActiveCfg = Release|x64
		{0D0C1CB9-DEA2-4034-8A40-F77FD798859F}.Release|x64.Build.0 = Release|x64
		{36FB2166-C720-48A2-854F-25C2F6C2E613}.Debug|Any CPU.ActiveCfg = Debug|Any CPU
		{36FB2166-C720-48A2-854F-25C2F6C2E613}.Debug|Any CPU.Build.0 = Debug|Any CPU
		{36FB2166-C720-48A2-854F-25C2F6C2E613}.Debug|ARM32.ActiveCfg = Debug|ARM32
		{36FB2166-C720-48A2-854F-25C2F6C2E613}.Debug|ARM32.Build.0 = Debug|ARM32
		{36FB2166-C720-48A2-854F-25C2F6C2E613}.Debug|x64.ActiveCfg = Debug|x64
		{36FB2166-C720-48A2-854F-25C2F6C2E613}.Debug|x64.Build.0 = Debug|x64
		{36FB2166-C720-48A2-854F-25C2F6C2E613}.Release|Any CPU.ActiveCfg = Release|Any CPU
		{36FB2166-C720-48A2-854F-25C2F6C2E613}.Release|Any CPU.Build.0 = Release|Any CPU
		{36FB2166-C720-48A2-854F-25C2F6C2E613}.Release|ARM32.ActiveCfg = Release|ARM32
		{36FB2166-C720-48A2-854F-25C2F6C2E613}.Release|ARM32.Build.0 = Release|ARM32
		{36FB2166-C720-48A2-854F-25C2F6C2E613}.Release|x64.ActiveCfg = Release|x64
		{36FB2166-C720-48A2-854F-25C2F6C2E613}.Release|x64.Build.0 = Release|x64
		{DDDE3DAD-24EF-49A6-9B7F-720CBFFB07EE}.Debug|Any CPU.ActiveCfg = Debug|Any CPU
		{DDDE3DAD-24EF-49A6-9B7F-720CBFFB07EE}.Debug|Any CPU.Build.0 = Debug|Any CPU
		{DDDE3DAD-24EF-49A6-9B7F-720CBFFB07EE}.Debug|ARM32.ActiveCfg = Debug|ARM32
		{DDDE3DAD-24EF-49A6-9B7F-720CBFFB07EE}.Debug|ARM32.Build.0 = Debug|ARM32
		{DDDE3DAD-24EF-49A6-9B7F-720CBFFB07EE}.Debug|x64.ActiveCfg = Debug|x64
		{DDDE3DAD-24EF-49A6-9B7F-720CBFFB07EE}.Debug|x64.Build.0 = Debug|x64
		{DDDE3DAD-24EF-49A6-9B7F-720CBFFB07EE}.Release|Any CPU.ActiveCfg = Release|Any CPU
		{DDDE3DAD-24EF-49A6-9B7F-720CBFFB07EE}.Release|Any CPU.Build.0 = Release|Any CPU
		{DDDE3DAD-24EF-49A6-9B7F-720CBFFB07EE}.Release|ARM32.ActiveCfg = Release|ARM32
		{DDDE3DAD-24EF-49A6-9B7F-720CBFFB07EE}.Release|ARM32.Build.0 = Release|ARM32
		{DDDE3DAD-24EF-49A6-9B7F-720CBFFB07EE}.Release|x64.ActiveCfg = Release|x64
		{DDDE3DAD-24EF-49A6-9B7F-720CBFFB07EE}.Release|x64.Build.0 = Release|x64
		{397D783A-A236-48A5-9F8F-C5E435D2A5AA}.Debug|Any CPU.ActiveCfg = Debug|Any CPU
		{397D783A-A236-48A5-9F8F-C5E435D2A5AA}.Debug|Any CPU.Build.0 = Debug|Any CPU
		{397D783A-A236-48A5-9F8F-C5E435D2A5AA}.Debug|ARM32.ActiveCfg = Debug|ARM32
		{397D783A-A236-48A5-9F8F-C5E435D2A5AA}.Debug|ARM32.Build.0 = Debug|ARM32
		{397D783A-A236-48A5-9F8F-C5E435D2A5AA}.Debug|x64.ActiveCfg = Debug|x64
		{397D783A-A236-48A5-9F8F-C5E435D2A5AA}.Debug|x64.Build.0 = Debug|x64
		{397D783A-A236-48A5-9F8F-C5E435D2A5AA}.Release|Any CPU.ActiveCfg = Release|Any CPU
		{397D783A-A236-48A5-9F8F-C5E435D2A5AA}.Release|Any CPU.Build.0 = Release|Any CPU
		{397D783A-A236-48A5-9F8F-C5E435D2A5AA}.Release|ARM32.ActiveCfg = Release|ARM32
		{397D783A-A236-48A5-9F8F-C5E435D2A5AA}.Release|ARM32.Build.0 = Release|ARM32
		{397D783A-A236-48A5-9F8F-C5E435D2A5AA}.Release|x64.ActiveCfg = Release|x64
		{397D783A-A236-48A5-9F8F-C5E435D2A5AA}.Release|x64.Build.0 = Release|x64
		{11DABF13-1006-4A35-B9D7-2C69EAD1B65A}.Debug|Any CPU.ActiveCfg = Debug|Any CPU
		{11DABF13-1006-4A35-B9D7-2C69EAD1B65A}.Debug|Any CPU.Build.0 = Debug|Any CPU
		{11DABF13-1006-4A35-B9D7-2C69EAD1B65A}.Debug|ARM32.ActiveCfg = Debug|ARM32
		{11DABF13-1006-4A35-B9D7-2C69EAD1B65A}.Debug|ARM32.Build.0 = Debug|ARM32
		{11DABF13-1006-4A35-B9D7-2C69EAD1B65A}.Debug|x64.ActiveCfg = Debug|Any CPU
		{11DABF13-1006-4A35-B9D7-2C69EAD1B65A}.Debug|x64.Build.0 = Debug|Any CPU
		{11DABF13-1006-4A35-B9D7-2C69EAD1B65A}.Release|Any CPU.ActiveCfg = Release|Any CPU
		{11DABF13-1006-4A35-B9D7-2C69EAD1B65A}.Release|Any CPU.Build.0 = Release|Any CPU
		{11DABF13-1006-4A35-B9D7-2C69EAD1B65A}.Release|ARM32.ActiveCfg = Release|ARM32
		{11DABF13-1006-4A35-B9D7-2C69EAD1B65A}.Release|ARM32.Build.0 = Release|ARM32
		{11DABF13-1006-4A35-B9D7-2C69EAD1B65A}.Release|x64.ActiveCfg = Release|Any CPU
		{11DABF13-1006-4A35-B9D7-2C69EAD1B65A}.Release|x64.Build.0 = Release|Any CPU
	EndGlobalSection
	GlobalSection(SolutionProperties) = preSolution
		HideSolutionNode = FALSE
	EndGlobalSection
	GlobalSection(ExtensibilityGlobals) = postSolution
		SolutionGuid = {0CC7282C-4273-4BB5-B070-893121592D78}
	EndGlobalSection
EndGlobal
